// !$*UTF8*$!
{
	archiveVersion = 1;
	classes = {
	};
	objectVersion = 56;
	objects = {

/* Begin PBXBuildFile section */
		BD0C145428F37139002A5A55 /* SplashScreenView.swift in Sources */ = {isa = PBXBuildFile; fileRef = BD0C145328F37139002A5A55 /* SplashScreenView.swift */; };
		BD0C145A28F37C2C002A5A55 /* SelectedView.swift in Sources */ = {isa = PBXBuildFile; fileRef = BD0C145928F37C2C002A5A55 /* SelectedView.swift */; };
		BD0C145E28F37C6A002A5A55 /* BuildStartView.swift in Sources */ = {isa = PBXBuildFile; fileRef = BD0C145D28F37C6A002A5A55 /* BuildStartView.swift */; };
		BD15EC6C2906D5E100EE1EE4 /* PartData.swift in Sources */ = {isa = PBXBuildFile; fileRef = BD15EC6B2906D5E100EE1EE4 /* PartData.swift */; };
		BD3DE055290754DB00E5A569 /* OffsetPageTabView.swift in Sources */ = {isa = PBXBuildFile; fileRef = BD3DE054290754DB00E5A569 /* OffsetPageTabView.swift */; };
		BD452CC229045B3C00830F7B /* ToolPillView.swift in Sources */ = {isa = PBXBuildFile; fileRef = BD452CC129045B3C00830F7B /* ToolPillView.swift */; };
		BDA32CF2290EE39E00F4756B /* StopwatchView.swift in Sources */ = {isa = PBXBuildFile; fileRef = BDA32CF1290EE39E00F4756B /* StopwatchView.swift */; };
		BDA32CF4290EF7D400F4756B /* InstructionView.swift in Sources */ = {isa = PBXBuildFile; fileRef = BDA32CF3290EF7D400F4756B /* InstructionView.swift */; };
		BDB177C428F34C0E00EB33DD /* SettingsView.swift in Sources */ = {isa = PBXBuildFile; fileRef = BDB177C328F34C0D00EB33DD /* SettingsView.swift */; };
		BDC1FC9D28FE03D10098B44E /* PartView.swift in Sources */ = {isa = PBXBuildFile; fileRef = BDC1FC9C28FE03D10098B44E /* PartView.swift */; };
		BDD1A28628FB04E8002712A5 /* BuildCardView.swift in Sources */ = {isa = PBXBuildFile; fileRef = BDD1A28528FB04E8002712A5 /* BuildCardView.swift */; };
		BDD1A28828FB316B002712A5 /* FilterCardView.swift in Sources */ = {isa = PBXBuildFile; fileRef = BDD1A28728FB316B002712A5 /* FilterCardView.swift */; };
		BDD1A28A28FB3588002712A5 /* OnboardView.swift in Sources */ = {isa = PBXBuildFile; fileRef = BDD1A28928FB3588002712A5 /* OnboardView.swift */; };
		BDD1A28E28FB362D002712A5 /* Onboard.swift in Sources */ = {isa = PBXBuildFile; fileRef = BDD1A28D28FB362D002712A5 /* Onboard.swift */; };
		BDDA686828F5C9CF0036BE1F /* Onboarding.swift in Sources */ = {isa = PBXBuildFile; fileRef = BDDA686728F5C9CF0036BE1F /* Onboarding.swift */; };
		BDE25806290342A500CD408E /* Part.swift in Sources */ = {isa = PBXBuildFile; fileRef = BDE25805290342A500CD408E /* Part.swift */; };
		BDFE490E28F303D2008F00A4 /* EasyPCApp.swift in Sources */ = {isa = PBXBuildFile; fileRef = BDFE490D28F303D2008F00A4 /* EasyPCApp.swift */; };
		BDFE491028F303D2008F00A4 /* ContentView.swift in Sources */ = {isa = PBXBuildFile; fileRef = BDFE490F28F303D2008F00A4 /* ContentView.swift */; };
		BDFE491228F303D3008F00A4 /* Assets.xcassets in Resources */ = {isa = PBXBuildFile; fileRef = BDFE491128F303D3008F00A4 /* Assets.xcassets */; };
		BDFE491628F303D3008F00A4 /* Preview Assets.xcassets in Resources */ = {isa = PBXBuildFile; fileRef = BDFE491528F303D3008F00A4 /* Preview Assets.xcassets */; };
/* End PBXBuildFile section */

/* Begin PBXFileReference section */
		BD0C145328F37139002A5A55 /* SplashScreenView.swift */ = {isa = PBXFileReference; lastKnownFileType = sourcecode.swift; path = SplashScreenView.swift; sourceTree = "<group>"; };
		BD0C145928F37C2C002A5A55 /* SelectedView.swift */ = {isa = PBXFileReference; lastKnownFileType = sourcecode.swift; path = SelectedView.swift; sourceTree = "<group>"; };
		BD0C145D28F37C6A002A5A55 /* BuildStartView.swift */ = {isa = PBXFileReference; lastKnownFileType = sourcecode.swift; path = BuildStartView.swift; sourceTree = "<group>"; };
		BD15EC6B2906D5E100EE1EE4 /* PartData.swift */ = {isa = PBXFileReference; lastKnownFileType = sourcecode.swift; path = PartData.swift; sourceTree = "<group>"; };
		BD3DE04E2906EB0100E5A569 /* Info.plist */ = {isa = PBXFileReference; lastKnownFileType = text.plist; path = Info.plist; sourceTree = "<group>"; };
		BD3DE054290754DB00E5A569 /* OffsetPageTabView.swift */ = {isa = PBXFileReference; lastKnownFileType = sourcecode.swift; path = OffsetPageTabView.swift; sourceTree = "<group>"; };
		BD452CC129045B3C00830F7B /* ToolPillView.swift */ = {isa = PBXFileReference; lastKnownFileType = sourcecode.swift; path = ToolPillView.swift; sourceTree = "<group>"; };
		BDA32CF1290EE39E00F4756B /* StopwatchView.swift */ = {isa = PBXFileReference; lastKnownFileType = sourcecode.swift; path = StopwatchView.swift; sourceTree = "<group>"; };
		BDA32CF3290EF7D400F4756B /* InstructionView.swift */ = {isa = PBXFileReference; lastKnownFileType = sourcecode.swift; path = InstructionView.swift; sourceTree = "<group>"; };
		BDB177C328F34C0D00EB33DD /* SettingsView.swift */ = {isa = PBXFileReference; lastKnownFileType = sourcecode.swift; path = SettingsView.swift; sourceTree = "<group>"; };
		BDC1FC9C28FE03D10098B44E /* PartView.swift */ = {isa = PBXFileReference; lastKnownFileType = sourcecode.swift; path = PartView.swift; sourceTree = "<group>"; };
		BDD1A28528FB04E8002712A5 /* BuildCardView.swift */ = {isa = PBXFileReference; lastKnownFileType = sourcecode.swift; path = BuildCardView.swift; sourceTree = "<group>"; };
		BDD1A28728FB316B002712A5 /* FilterCardView.swift */ = {isa = PBXFileReference; lastKnownFileType = sourcecode.swift; path = FilterCardView.swift; sourceTree = "<group>"; };
		BDD1A28928FB3588002712A5 /* OnboardView.swift */ = {isa = PBXFileReference; lastKnownFileType = sourcecode.swift; path = OnboardView.swift; sourceTree = "<group>"; };
		BDD1A28D28FB362D002712A5 /* Onboard.swift */ = {isa = PBXFileReference; lastKnownFileType = sourcecode.swift; path = Onboard.swift; sourceTree = "<group>"; };
		BDDA686728F5C9CF0036BE1F /* Onboarding.swift */ = {isa = PBXFileReference; lastKnownFileType = sourcecode.swift; path = Onboarding.swift; sourceTree = "<group>"; };
		BDE25805290342A500CD408E /* Part.swift */ = {isa = PBXFileReference; lastKnownFileType = sourcecode.swift; path = Part.swift; sourceTree = "<group>"; };
		BDFE490A28F303D2008F00A4 /* EasyPC.app */ = {isa = PBXFileReference; explicitFileType = wrapper.application; includeInIndex = 0; path = EasyPC.app; sourceTree = BUILT_PRODUCTS_DIR; };
		BDFE490D28F303D2008F00A4 /* EasyPCApp.swift */ = {isa = PBXFileReference; lastKnownFileType = sourcecode.swift; path = EasyPCApp.swift; sourceTree = "<group>"; };
		BDFE490F28F303D2008F00A4 /* ContentView.swift */ = {isa = PBXFileReference; lastKnownFileType = sourcecode.swift; path = ContentView.swift; sourceTree = "<group>"; };
		BDFE491128F303D3008F00A4 /* Assets.xcassets */ = {isa = PBXFileReference; lastKnownFileType = folder.assetcatalog; path = Assets.xcassets; sourceTree = "<group>"; };
		BDFE491328F303D3008F00A4 /* EasyPC.entitlements */ = {isa = PBXFileReference; lastKnownFileType = text.plist.entitlements; path = EasyPC.entitlements; sourceTree = "<group>"; };
		BDFE491528F303D3008F00A4 /* Preview Assets.xcassets */ = {isa = PBXFileReference; lastKnownFileType = folder.assetcatalog; path = "Preview Assets.xcassets"; sourceTree = "<group>"; };
/* End PBXFileReference section */

/* Begin PBXFrameworksBuildPhase section */
		BDFE490728F303D2008F00A4 /* Frameworks */ = {
			isa = PBXFrameworksBuildPhase;
			buildActionMask = 2147483647;
			files = (
			);
			runOnlyForDeploymentPostprocessing = 0;
		};
/* End PBXFrameworksBuildPhase section */

/* Begin PBXGroup section */
		BD37F7BB28F4D34200B53B6A /* Data */ = {
			isa = PBXGroup;
			children = (
				BD15EC6B2906D5E100EE1EE4 /* PartData.swift */,
			);
			path = Data;
			sourceTree = "<group>";
		};
		BDB177C128F34AF700EB33DD /* Models */ = {
			isa = PBXGroup;
			children = (
				BDE25805290342A500CD408E /* Part.swift */,
				BDD1A28D28FB362D002712A5 /* Onboard.swift */,
			);
			path = Models;
			sourceTree = "<group>";
		};
		BDB177C228F34B0700EB33DD /* Screens */ = {
			isa = PBXGroup;
			children = (
				BDFE490F28F303D2008F00A4 /* ContentView.swift */,
				BDB177C328F34C0D00EB33DD /* SettingsView.swift */,
				BD0C145328F37139002A5A55 /* SplashScreenView.swift */,
				BD0C145928F37C2C002A5A55 /* SelectedView.swift */,
				BD0C145D28F37C6A002A5A55 /* BuildStartView.swift */,
				BDDA686728F5C9CF0036BE1F /* Onboarding.swift */,
				BDA32CF3290EF7D400F4756B /* InstructionView.swift */,
			);
			path = Screens;
			sourceTree = "<group>";
		};
		BDD1A28428FB04C8002712A5 /* Views */ = {
			isa = PBXGroup;
			children = (
				BDD1A28528FB04E8002712A5 /* BuildCardView.swift */,
				BDD1A28728FB316B002712A5 /* FilterCardView.swift */,
				BDD1A28928FB3588002712A5 /* OnboardView.swift */,
				BDC1FC9C28FE03D10098B44E /* PartView.swift */,
				BD452CC129045B3C00830F7B /* ToolPillView.swift */,
				BD3DE054290754DB00E5A569 /* OffsetPageTabView.swift */,
				BDA32CF1290EE39E00F4756B /* StopwatchView.swift */,
			);
			path = Views;
			sourceTree = "<group>";
		};
		BDFE490128F303D2008F00A4 = {
			isa = PBXGroup;
			children = (
				BDFE490C28F303D2008F00A4 /* EasyPC */,
				BDFE490B28F303D2008F00A4 /* Products */,
			);
			sourceTree = "<group>";
		};
		BDFE490B28F303D2008F00A4 /* Products */ = {
			isa = PBXGroup;
			children = (
				BDFE490A28F303D2008F00A4 /* EasyPC.app */,
			);
			name = Products;
			sourceTree = "<group>";
		};
		BDFE490C28F303D2008F00A4 /* EasyPC */ = {
			isa = PBXGroup;
			children = (
				BD3DE04E2906EB0100E5A569 /* Info.plist */,
				BDD1A28428FB04C8002712A5 /* Views */,
				BD37F7BB28F4D34200B53B6A /* Data */,
				BDB177C228F34B0700EB33DD /* Screens */,
				BDB177C128F34AF700EB33DD /* Models */,
				BDFE490D28F303D2008F00A4 /* EasyPCApp.swift */,
				BDFE491128F303D3008F00A4 /* Assets.xcassets */,
				BDFE491328F303D3008F00A4 /* EasyPC.entitlements */,
				BDFE491428F303D3008F00A4 /* Preview Content */,
			);
			path = EasyPC;
			sourceTree = "<group>";
		};
		BDFE491428F303D3008F00A4 /* Preview Content */ = {
			isa = PBXGroup;
			children = (
				BDFE491528F303D3008F00A4 /* Preview Assets.xcassets */,
			);
			path = "Preview Content";
			sourceTree = "<group>";
		};
/* End PBXGroup section */

/* Begin PBXNativeTarget section */
		BDFE490928F303D2008F00A4 /* EasyPC */ = {
			isa = PBXNativeTarget;
			buildConfigurationList = BDFE491928F303D3008F00A4 /* Build configuration list for PBXNativeTarget "EasyPC" */;
			buildPhases = (
				BDFE490628F303D2008F00A4 /* Sources */,
				BDFE490728F303D2008F00A4 /* Frameworks */,
				BDFE490828F303D2008F00A4 /* Resources */,
			);
			buildRules = (
			);
			dependencies = (
			);
			name = EasyPC;
			productName = EasyPC;
			productReference = BDFE490A28F303D2008F00A4 /* EasyPC.app */;
			productType = "com.apple.product-type.application";
		};
/* End PBXNativeTarget section */

/* Begin PBXProject section */
		BDFE490228F303D2008F00A4 /* Project object */ = {
			isa = PBXProject;
			attributes = {
				BuildIndependentTargetsInParallel = 1;
				LastSwiftUpdateCheck = 1400;
				LastUpgradeCheck = 1400;
				TargetAttributes = {
					BDFE490928F303D2008F00A4 = {
						CreatedOnToolsVersion = 14.0.1;
					};
				};
			};
			buildConfigurationList = BDFE490528F303D2008F00A4 /* Build configuration list for PBXProject "EasyPC" */;
			compatibilityVersion = "Xcode 14.0";
			developmentRegion = en;
			hasScannedForEncodings = 0;
			knownRegions = (
				en,
				Base,
			);
			mainGroup = BDFE490128F303D2008F00A4;
			productRefGroup = BDFE490B28F303D2008F00A4 /* Products */;
			projectDirPath = "";
			projectRoot = "";
			targets = (
				BDFE490928F303D2008F00A4 /* EasyPC */,
			);
		};
/* End PBXProject section */

/* Begin PBXResourcesBuildPhase section */
		BDFE490828F303D2008F00A4 /* Resources */ = {
			isa = PBXResourcesBuildPhase;
			buildActionMask = 2147483647;
			files = (
				BDFE491628F303D3008F00A4 /* Preview Assets.xcassets in Resources */,
				BDFE491228F303D3008F00A4 /* Assets.xcassets in Resources */,
			);
			runOnlyForDeploymentPostprocessing = 0;
		};
/* End PBXResourcesBuildPhase section */

/* Begin PBXSourcesBuildPhase section */
		BDFE490628F303D2008F00A4 /* Sources */ = {
			isa = PBXSourcesBuildPhase;
			buildActionMask = 2147483647;
			files = (
				BD0C145E28F37C6A002A5A55 /* BuildStartView.swift in Sources */,
				BDD1A28A28FB3588002712A5 /* OnboardView.swift in Sources */,
				BDB177C428F34C0E00EB33DD /* SettingsView.swift in Sources */,
				BD3DE055290754DB00E5A569 /* OffsetPageTabView.swift in Sources */,
				BDC1FC9D28FE03D10098B44E /* PartView.swift in Sources */,
				BDE25806290342A500CD408E /* Part.swift in Sources */,
				BD452CC229045B3C00830F7B /* ToolPillView.swift in Sources */,
				BD0C145428F37139002A5A55 /* SplashScreenView.swift in Sources */,
				BDFE491028F303D2008F00A4 /* ContentView.swift in Sources */,
				BDA32CF4290EF7D400F4756B /* InstructionView.swift in Sources */,
				BDFE490E28F303D2008F00A4 /* EasyPCApp.swift in Sources */,
				BD0C145A28F37C2C002A5A55 /* SelectedView.swift in Sources */,
				BDDA686828F5C9CF0036BE1F /* Onboarding.swift in Sources */,
				BDD1A28828FB316B002712A5 /* FilterCardView.swift in Sources */,
				BD15EC6C2906D5E100EE1EE4 /* PartData.swift in Sources */,
				BDD1A28628FB04E8002712A5 /* BuildCardView.swift in Sources */,
				BDD1A28E28FB362D002712A5 /* Onboard.swift in Sources */,
				BDA32CF2290EE39E00F4756B /* StopwatchView.swift in Sources */,
			);
			runOnlyForDeploymentPostprocessing = 0;
		};
/* End PBXSourcesBuildPhase section */

/* Begin XCBuildConfiguration section */
		BDFE491728F303D3008F00A4 /* Debug */ = {
			isa = XCBuildConfiguration;
			buildSettings = {
				ALWAYS_SEARCH_USER_PATHS = NO;
				CLANG_ANALYZER_NONNULL = YES;
				CLANG_ANALYZER_NUMBER_OBJECT_CONVERSION = YES_AGGRESSIVE;
				CLANG_CXX_LANGUAGE_STANDARD = "gnu++20";
				CLANG_ENABLE_MODULES = YES;
				CLANG_ENABLE_OBJC_ARC = YES;
				CLANG_ENABLE_OBJC_WEAK = YES;
				CLANG_WARN_BLOCK_CAPTURE_AUTORELEASING = YES;
				CLANG_WARN_BOOL_CONVERSION = YES;
				CLANG_WARN_COMMA = YES;
				CLANG_WARN_CONSTANT_CONVERSION = YES;
				CLANG_WARN_DEPRECATED_OBJC_IMPLEMENTATIONS = YES;
				CLANG_WARN_DIRECT_OBJC_ISA_USAGE = YES_ERROR;
				CLANG_WARN_DOCUMENTATION_COMMENTS = YES;
				CLANG_WARN_EMPTY_BODY = YES;
				CLANG_WARN_ENUM_CONVERSION = YES;
				CLANG_WARN_INFINITE_RECURSION = YES;
				CLANG_WARN_INT_CONVERSION = YES;
				CLANG_WARN_NON_LITERAL_NULL_CONVERSION = YES;
				CLANG_WARN_OBJC_IMPLICIT_RETAIN_SELF = YES;
				CLANG_WARN_OBJC_LITERAL_CONVERSION = YES;
				CLANG_WARN_OBJC_ROOT_CLASS = YES_ERROR;
				CLANG_WARN_QUOTED_INCLUDE_IN_FRAMEWORK_HEADER = YES;
				CLANG_WARN_RANGE_LOOP_ANALYSIS = YES;
				CLANG_WARN_STRICT_PROTOTYPES = YES;
				CLANG_WARN_SUSPICIOUS_MOVE = YES;
				CLANG_WARN_UNGUARDED_AVAILABILITY = YES_AGGRESSIVE;
				CLANG_WARN_UNREACHABLE_CODE = YES;
				CLANG_WARN__DUPLICATE_METHOD_MATCH = YES;
				COPY_PHASE_STRIP = NO;
				DEBUG_INFORMATION_FORMAT = dwarf;
				ENABLE_STRICT_OBJC_MSGSEND = YES;
				ENABLE_TESTABILITY = YES;
				GCC_C_LANGUAGE_STANDARD = gnu11;
				GCC_DYNAMIC_NO_PIC = NO;
				GCC_NO_COMMON_BLOCKS = YES;
				GCC_OPTIMIZATION_LEVEL = 0;
				GCC_PREPROCESSOR_DEFINITIONS = (
					"DEBUG=1",
					"$(inherited)",
				);
				GCC_WARN_64_TO_32_BIT_CONVERSION = YES;
				GCC_WARN_ABOUT_RETURN_TYPE = YES_ERROR;
				GCC_WARN_UNDECLARED_SELECTOR = YES;
				GCC_WARN_UNINITIALIZED_AUTOS = YES_AGGRESSIVE;
				GCC_WARN_UNUSED_FUNCTION = YES;
				GCC_WARN_UNUSED_VARIABLE = YES;
				MTL_ENABLE_DEBUG_INFO = INCLUDE_SOURCE;
				MTL_FAST_MATH = YES;
				ONLY_ACTIVE_ARCH = YES;
				SWIFT_ACTIVE_COMPILATION_CONDITIONS = DEBUG;
				SWIFT_OPTIMIZATION_LEVEL = "-Onone";
			};
			name = Debug;
		};
		BDFE491828F303D3008F00A4 /* Release */ = {
			isa = XCBuildConfiguration;
			buildSettings = {
				ALWAYS_SEARCH_USER_PATHS = NO;
				CLANG_ANALYZER_NONNULL = YES;
				CLANG_ANALYZER_NUMBER_OBJECT_CONVERSION = YES_AGGRESSIVE;
				CLANG_CXX_LANGUAGE_STANDARD = "gnu++20";
				CLANG_ENABLE_MODULES = YES;
				CLANG_ENABLE_OBJC_ARC = YES;
				CLANG_ENABLE_OBJC_WEAK = YES;
				CLANG_WARN_BLOCK_CAPTURE_AUTORELEASING = YES;
				CLANG_WARN_BOOL_CONVERSION = YES;
				CLANG_WARN_COMMA = YES;
				CLANG_WARN_CONSTANT_CONVERSION = YES;
				CLANG_WARN_DEPRECATED_OBJC_IMPLEMENTATIONS = YES;
				CLANG_WARN_DIRECT_OBJC_ISA_USAGE = YES_ERROR;
				CLANG_WARN_DOCUMENTATION_COMMENTS = YES;
				CLANG_WARN_EMPTY_BODY = YES;
				CLANG_WARN_ENUM_CONVERSION = YES;
				CLANG_WARN_INFINITE_RECURSION = YES;
				CLANG_WARN_INT_CONVERSION = YES;
				CLANG_WARN_NON_LITERAL_NULL_CONVERSION = YES;
				CLANG_WARN_OBJC_IMPLICIT_RETAIN_SELF = YES;
				CLANG_WARN_OBJC_LITERAL_CONVERSION = YES;
				CLANG_WARN_OBJC_ROOT_CLASS = YES_ERROR;
				CLANG_WARN_QUOTED_INCLUDE_IN_FRAMEWORK_HEADER = YES;
				CLANG_WARN_RANGE_LOOP_ANALYSIS = YES;
				CLANG_WARN_STRICT_PROTOTYPES = YES;
				CLANG_WARN_SUSPICIOUS_MOVE = YES;
				CLANG_WARN_UNGUARDED_AVAILABILITY = YES_AGGRESSIVE;
				CLANG_WARN_UNREACHABLE_CODE = YES;
				CLANG_WARN__DUPLICATE_METHOD_MATCH = YES;
				COPY_PHASE_STRIP = NO;
				DEBUG_INFORMATION_FORMAT = "dwarf-with-dsym";
				ENABLE_NS_ASSERTIONS = NO;
				ENABLE_STRICT_OBJC_MSGSEND = YES;
				GCC_C_LANGUAGE_STANDARD = gnu11;
				GCC_NO_COMMON_BLOCKS = YES;
				GCC_WARN_64_TO_32_BIT_CONVERSION = YES;
				GCC_WARN_ABOUT_RETURN_TYPE = YES_ERROR;
				GCC_WARN_UNDECLARED_SELECTOR = YES;
				GCC_WARN_UNINITIALIZED_AUTOS = YES_AGGRESSIVE;
				GCC_WARN_UNUSED_FUNCTION = YES;
				GCC_WARN_UNUSED_VARIABLE = YES;
				MTL_ENABLE_DEBUG_INFO = NO;
				MTL_FAST_MATH = YES;
				SWIFT_COMPILATION_MODE = wholemodule;
				SWIFT_OPTIMIZATION_LEVEL = "-O";
			};
			name = Release;
		};
		BDFE491A28F303D3008F00A4 /* Debug */ = {
			isa = XCBuildConfiguration;
			buildSettings = {
				ASSETCATALOG_COMPILER_APPICON_NAME = AppIcon;
				ASSETCATALOG_COMPILER_GLOBAL_ACCENT_COLOR_NAME = AccentColor;
				CODE_SIGN_ENTITLEMENTS = EasyPC/EasyPC.entitlements;
				CODE_SIGN_STYLE = Automatic;
				CURRENT_PROJECT_VERSION = 1;
				DEVELOPMENT_ASSET_PATHS = "\"EasyPC/Preview Content\"";
				ENABLE_PREVIEWS = YES;
				GENERATE_INFOPLIST_FILE = YES;
				INFOPLIST_FILE = EasyPC/Info.plist;
				"INFOPLIST_KEY_UIApplicationSceneManifest_Generation[sdk=iphoneos*]" = YES;
				"INFOPLIST_KEY_UIApplicationSceneManifest_Generation[sdk=iphonesimulator*]" = YES;
				"INFOPLIST_KEY_UIApplicationSupportsIndirectInputEvents[sdk=iphoneos*]" = YES;
				"INFOPLIST_KEY_UIApplicationSupportsIndirectInputEvents[sdk=iphonesimulator*]" = YES;
				"INFOPLIST_KEY_UILaunchScreen_Generation[sdk=iphoneos*]" = YES;
				"INFOPLIST_KEY_UILaunchScreen_Generation[sdk=iphonesimulator*]" = YES;
				"INFOPLIST_KEY_UIStatusBarStyle[sdk=iphoneos*]" = UIStatusBarStyleDefault;
				"INFOPLIST_KEY_UIStatusBarStyle[sdk=iphonesimulator*]" = UIStatusBarStyleDefault;
				INFOPLIST_KEY_UISupportedInterfaceOrientations_iPad = "UIInterfaceOrientationPortrait UIInterfaceOrientationPortraitUpsideDown UIInterfaceOrientationLandscapeLeft UIInterfaceOrientationLandscapeRight";
				INFOPLIST_KEY_UISupportedInterfaceOrientations_iPhone = "UIInterfaceOrientationPortrait UIInterfaceOrientationLandscapeLeft UIInterfaceOrientationLandscapeRight";
				IPHONEOS_DEPLOYMENT_TARGET = 16.0;
				LD_RUNPATH_SEARCH_PATHS = "@executable_path/Frameworks";
				"LD_RUNPATH_SEARCH_PATHS[sdk=macosx*]" = "@executable_path/../Frameworks";
				MACOSX_DEPLOYMENT_TARGET = 12.3;
				MARKETING_VERSION = 1.0;
				PRODUCT_BUNDLE_IDENTIFIER = wiaandev.EasyPC;
				PRODUCT_NAME = "$(TARGET_NAME)";
				SDKROOT = auto;
				SUPPORTED_PLATFORMS = "iphoneos iphonesimulator macosx";
				SWIFT_EMIT_LOC_STRINGS = YES;
				SWIFT_VERSION = 5.0;
				TARGETED_DEVICE_FAMILY = "1,2";
			};
			name = Debug;
		};
		BDFE491B28F303D3008F00A4 /* Release */ = {
			isa = XCBuildConfiguration;
			buildSettings = {
				ASSETCATALOG_COMPILER_APPICON_NAME = AppIcon;
				ASSETCATALOG_COMPILER_GLOBAL_ACCENT_COLOR_NAME = AccentColor;
				CODE_SIGN_ENTITLEMENTS = EasyPC/EasyPC.entitlements;
				CODE_SIGN_STYLE = Automatic;
				CURRENT_PROJECT_VERSION = 1;
				DEVELOPMENT_ASSET_PATHS = "\"EasyPC/Preview Content\"";
				ENABLE_PREVIEWS = YES;
				GENERATE_INFOPLIST_FILE = YES;
				INFOPLIST_FILE = EasyPC/Info.plist;
				"INFOPLIST_KEY_UIApplicationSceneManifest_Generation[sdk=iphoneos*]" = YES;
				"INFOPLIST_KEY_UIApplicationSceneManifest_Generation[sdk=iphonesimulator*]" = YES;
				"INFOPLIST_KEY_UIApplicationSupportsIndirectInputEvents[sdk=iphoneos*]" = YES;
				"INFOPLIST_KEY_UIApplicationSupportsIndirectInputEvents[sdk=iphonesimulator*]" = YES;
				"INFOPLIST_KEY_UILaunchScreen_Generation[sdk=iphoneos*]" = YES;
				"INFOPLIST_KEY_UILaunchScreen_Generation[sdk=iphonesimulator*]" = YES;
				"INFOPLIST_KEY_UIStatusBarStyle[sdk=iphoneos*]" = UIStatusBarStyleDefault;
				"INFOPLIST_KEY_UIStatusBarStyle[sdk=iphonesimulator*]" = UIStatusBarStyleDefault;
				INFOPLIST_KEY_UISupportedInterfaceOrientations_iPad = "UIInterfaceOrientationPortrait UIInterfaceOrientationPortraitUpsideDown UIInterfaceOrientationLandscapeLeft UIInterfaceOrientationLandscapeRight";
				INFOPLIST_KEY_UISupportedInterfaceOrientations_iPhone = "UIInterfaceOrientationPortrait UIInterfaceOrientationLandscapeLeft UIInterfaceOrientationLandscapeRight";
				IPHONEOS_DEPLOYMENT_TARGET = 16.0;
				LD_RUNPATH_SEARCH_PATHS = "@executable_path/Frameworks";
				"LD_RUNPATH_SEARCH_PATHS[sdk=macosx*]" = "@executable_path/../Frameworks";
				MACOSX_DEPLOYMENT_TARGET = 12.3;
				MARKETING_VERSION = 1.0;
				PRODUCT_BUNDLE_IDENTIFIER = wiaandev.EasyPC;
				PRODUCT_NAME = "$(TARGET_NAME)";
				SDKROOT = auto;
				SUPPORTED_PLATFORMS = "iphoneos iphonesimulator macosx";
				SWIFT_EMIT_LOC_STRINGS = YES;
				SWIFT_VERSION = 5.0;
				TARGETED_DEVICE_FAMILY = "1,2";
			};
			name = Release;
		};
/* End XCBuildConfiguration section */

/* Begin XCConfigurationList section */
		BDFE490528F303D2008F00A4 /* Build configuration list for PBXProject "EasyPC" */ = {
			isa = XCConfigurationList;
			buildConfigurations = (
				BDFE491728F303D3008F00A4 /* Debug */,
				BDFE491828F303D3008F00A4 /* Release */,
			);
			defaultConfigurationIsVisible = 0;
			defaultConfigurationName = Release;
		};
		BDFE491928F303D3008F00A4 /* Build configuration list for PBXNativeTarget "EasyPC" */ = {
			isa = XCConfigurationList;
			buildConfigurations = (
				BDFE491A28F303D3008F00A4 /* Debug */,
				BDFE491B28F303D3008F00A4 /* Release */,
			);
			defaultConfigurationIsVisible = 0;
			defaultConfigurationName = Release;
		};
/* End XCConfigurationList section */
	};
	rootObject = BDFE490228F303D2008F00A4 /* Project object */;
}
